
Microsoft Visual Studio Solution File, Format Version 12.00
# Visual Studio Version 17
VisualStudioVersion = 17.4.33205.214
MinimumVisualStudioVersion = 10.0.40219.1
Project("{FAE04EC0-301F-11D3-BF4B-00C04F79EFBC}") = "WcfSimple", "WcfSimple\WcfSimple.csproj", "{B14FC773-49A4-49E6-8B43-25307416624D}"
EndProject
Project("{FAE04EC0-301F-11D3-BF4B-00C04F79EFBC}") = "Client", "Client\Client.csproj", "{A92D772D-0404-49D3-BA9F-B604FDF426D5}"
EndProject
Global
	GlobalSection(SolutionConfigurationPlatforms) = preSolution
		Debug|Any CPU = Debug|Any CPU
		Release|Any CPU = Release|Any CPU
	EndGlobalSection
	GlobalSection(ProjectConfigurationPlatforms) = postSolution
		{B14FC773-49A4-49E6-8B43-25307416624D}.Debug|Any CPU.ActiveCfg = Debug|Any CPU
		{B14FC773-49A4-49E6-8B43-25307416624D}.Debug|Any CPU.Build.0 = Debug|Any CPU
		{B14FC773-49A4-49E6-8B43-25307416624D}.Release|Any CPU.ActiveCfg = Release|Any CPU
		{B14FC773-49A4-49E6-8B43-25307416624D}.Release|Any CPU.Build.0 = Release|Any CPU
		{A92D772D-0404-49D3-BA9F-B604FDF426D5}.Debug|Any CPU.ActiveCfg = Debug|Any CPU
		{A92D772D-0404-49D3-BA9F-B604FDF426D5}.Debug|Any CPU.Build.0 = Debug|Any CPU
		{A92D772D-0404-49D3-BA9F-B604FDF426D5}.Release|Any CPU.ActiveCfg = Release|Any CPU
		{A92D772D-0404-49D3-BA9F-B604FDF426D5}.Release|Any CPU.Build.0 = Release|Any CPU
	EndGlobalSection
	GlobalSection(SolutionProperties) = preSolution
		HideSolutionNode = FALSE
	EndGlobalSection
	GlobalSection(ExtensibilityGlobals) = postSolution
		SolutionGuid = {942A0EE4-005E-43EC-A3E8-7ECE5B300045}
	EndGlobalSection
EndGlobal
